
Microsoft Visual Studio Solution File, Format Version 12.00
# Visual Studio Version 17
VisualStudioVersion = 17.5.33627.172
MinimumVisualStudioVersion = 10.0.40219.1
Project("{FAE04EC0-301F-11D3-BF4B-00C04F79EFBC}") = "Final_Project_205674047_208078212", "Final_Project_205674047_208078212\Final_Project_205674047_208078212.csproj", "{6A7502B6-7603-4234-8950-A60B033D3A17}"
EndProject
Global
	GlobalSection(SolutionConfigurationPlatforms) = preSolution
		Debug|Any CPU = Debug|Any CPU
		Release|Any CPU = Release|Any CPU
	EndGlobalSection
	GlobalSection(ProjectConfigurationPlatforms) = postSolution
		{6A7502B6-7603-4234-8950-A60B033D3A17}.Debug|Any CPU.ActiveCfg = Debug|Any CPU
		{6A7502B6-7603-4234-8950-A60B033D3A17}.Debug|Any CPU.Build.0 = Debug|Any CPU
		{6A7502B6-7603-4234-8950-A60B033D3A17}.Release|Any CPU.ActiveCfg = Release|Any CPU
		{6A7502B6-7603-4234-8950-A60B033D3A17}.Release|Any CPU.Build.0 = Release|Any CPU
	EndGlobalSection
	GlobalSection(SolutionProperties) = preSolution
		HideSolutionNode = FALSE
	EndGlobalSection
	GlobalSection(ExtensibilityGlobals) = postSolution
		SolutionGuid = {11D86D90-671B-4C1A-ADB2-722090A97EAB}
	EndGlobalSection
EndGlobal
